{
    "_readme": [
        "This file locks the dependencies of your project to a known state",
        "Read more about it at https://getcomposer.org/doc/01-basic-usage.md#composer-lock-the-lock-file",
        "This file is @generated automatically"
    ],
    "hash": "25f31dce5023560bd38e2c98a5ee731c",
    "content-hash": "85842e1b104cd7b9120a25ba78d01939",
    "packages": [
        {
            "name": "fennb/phirehose",
            "version": "v1.0.1",
            "source": {
                "type": "git",
                "url": "https://github.com/fennb/phirehose.git",
                "reference": "63d638473bf8e9e70f0bfc7785a6b557594d17c8"
            },
            "dist": {
                "type": "zip",
                "url": "https://api.github.com/repos/fennb/phirehose/zipball/63d638473bf8e9e70f0bfc7785a6b557594d17c8",
                "reference": "63d638473bf8e9e70f0bfc7785a6b557594d17c8",
                "shasum": ""
            },
            "require": {
                "php": ">=5.2.0"
            },
            "type": "library",
            "autoload": {
                "classmap": [
                    "lib"
                ]
            },
            "notification-url": "https://packagist.org/downloads/",
            "license": [
                "GPL"
            ],
            "authors": [
                {
                    "name": "Fenn Bailey",
                    "homepage": "http://fennb.com/"
                }
            ],
            "description": "A PHP interface to the Twitter Streaming API.",
            "homepage": "https://github.com/fennb/phirehose",
            "keywords": [
                "api",
                "phirehose",
                "php",
                "streaming",
                "twitter"
            ],
            "time": "2014-09-30 23:30:52"
        }
    ],
    "packages-dev": [],
    "aliases": [],
    "minimum-stability": "stable",
    "stability-flags": [],
    "prefer-stable": false,
    "prefer-lowest": false,
    "platform": [],
    "platform-dev": []
}
